
Microsoft Visual Studio Solution File, Format Version 12.00
# Visual Studio Version 17
VisualStudioVersion = 17.9.34728.123
MinimumVisualStudioVersion = 10.0.40219.1
Project("{FAE04EC0-301F-11D3-BF4B-00C04F79EFBC}") = "LabMyStoreWPF", "LabMyStoreWPF.csproj", "{AC6AD43C-3393-486A-93A6-5E13DE723B58}"
EndProject
Global
	GlobalSection(SolutionConfigurationPlatforms) = preSolution
		Debug|Any CPU = Debug|Any CPU
		Release|Any CPU = Release|Any CPU
	EndGlobalSection
	GlobalSection(ProjectConfigurationPlatforms) = postSolution
		{AC6AD43C-3393-486A-93A6-5E13DE723B58}.Debug|Any CPU.ActiveCfg = Debug|Any CPU
		{AC6AD43C-3393-486A-93A6-5E13DE723B58}.Debug|Any CPU.Build.0 = Debug|Any CPU
		{AC6AD43C-3393-486A-93A6-5E13DE723B58}.Release|Any CPU.ActiveCfg = Release|Any CPU
		{AC6AD43C-3393-486A-93A6-5E13DE723B58}.Release|Any CPU.Build.0 = Release|Any CPU
	EndGlobalSection
	GlobalSection(SolutionProperties) = preSolution
		HideSolutionNode = FALSE
	EndGlobalSection
	GlobalSection(ExtensibilityGlobals) = postSolution
		SolutionGuid = {356A6FF3-EEDD-400B-A29E-37C8965DEDDF}
	EndGlobalSection
EndGlobal
